{
  "requires": true,
  "lockfileVersion": 1,
  "dependencies": {
    "@huggingface/inference": {
      "version": "2.0.0",
      "resolved": "https://registry.npmjs.org/@huggingface/inference/-/inference-2.0.0.tgz",
      "integrity": "sha512-wBQj2DvzwLhJ+uoE9WG8enst6NcYd9xncDfUwSoUqrVGtKOwnHQhdDWP2ujaBbyfoQFdyR0jjVslrMcitWUoCA=="
    }
  }
}
